
Microsoft Visual Studio Solution File, Format Version 12.00
# Visual Studio Version 16
VisualStudioVersion = 16.0.30011.22
MinimumVisualStudioVersion = 10.0.40219.1
Project("{FAE04EC0-301F-11D3-BF4B-00C04F79EFBC}") = "WebApplication15", "WebApplication15\WebApplication15.csproj", "{0C1BBD92-0A8D-479E-8DD2-B86BFB456302}"
EndProject
Global
	GlobalSection(SolutionConfigurationPlatforms) = preSolution
		Debug|Any CPU = Debug|Any CPU
		Release|Any CPU = Release|Any CPU
	EndGlobalSection
	GlobalSection(ProjectConfigurationPlatforms) = postSolution
		{0C1BBD92-0A8D-479E-8DD2-B86BFB456302}.Debug|Any CPU.ActiveCfg = Debug|Any CPU
		{0C1BBD92-0A8D-479E-8DD2-B86BFB456302}.Debug|Any CPU.Build.0 = Debug|Any CPU
		{0C1BBD92-0A8D-479E-8DD2-B86BFB456302}.Release|Any CPU.ActiveCfg = Release|Any CPU
		{0C1BBD92-0A8D-479E-8DD2-B86BFB456302}.Release|Any CPU.Build.0 = Release|Any CPU
	EndGlobalSection
	GlobalSection(SolutionProperties) = preSolution
		HideSolutionNode = FALSE
	EndGlobalSection
	GlobalSection(ExtensibilityGlobals) = postSolution
		SolutionGuid = {5D633F95-D726-4C51-9B06-DC952F009DA6}
	EndGlobalSection
EndGlobal
